
Microsoft Visual Studio Solution File, Format Version 12.00
# Visual Studio Version 16
VisualStudioVersion = 16.0.31019.35
MinimumVisualStudioVersion = 10.0.40219.1
Project("{FAE04EC0-301F-11D3-BF4B-00C04F79EFBC}") = "SmartWorkoutsWeb", "SmartWorkoutsWeb\SmartWorkoutsWeb.csproj", "{EA6C5F37-CF8D-4060-97E4-258597FA63C7}"
EndProject
Global
	GlobalSection(SolutionConfigurationPlatforms) = preSolution
		Debug|Any CPU = Debug|Any CPU
		Release|Any CPU = Release|Any CPU
	EndGlobalSection
	GlobalSection(ProjectConfigurationPlatforms) = postSolution
		{EA6C5F37-CF8D-4060-97E4-258597FA63C7}.Debug|Any CPU.ActiveCfg = Debug|Any CPU
		{EA6C5F37-CF8D-4060-97E4-258597FA63C7}.Debug|Any CPU.Build.0 = Debug|Any CPU
		{EA6C5F37-CF8D-4060-97E4-258597FA63C7}.Release|Any CPU.ActiveCfg = Release|Any CPU
		{EA6C5F37-CF8D-4060-97E4-258597FA63C7}.Release|Any CPU.Build.0 = Release|Any CPU
	EndGlobalSection
	GlobalSection(SolutionProperties) = preSolution
		HideSolutionNode = FALSE
	EndGlobalSection
	GlobalSection(ExtensibilityGlobals) = postSolution
		SolutionGuid = {AE9F70CE-039B-4DF3-B596-C1D0343727D8}
	EndGlobalSection
EndGlobal
